
Microsoft Visual Studio Solution File, Format Version 12.00
# Visual Studio 15
VisualStudioVersion = 15.0.27428.2043
MinimumVisualStudioVersion = 10.0.40219.1
Project("{888888A0-9F3D-457C-B088-3A5042F75D52}") = "DHBWToDoBot", "DHBWToDoBot\DHBWToDoBot.pyproj", "{D1153671-6EF9-4D66-8642-8D745D8AC7D5}"
EndProject
Global
	GlobalSection(SolutionConfigurationPlatforms) = preSolution
		Debug|Any CPU = Debug|Any CPU
		Release|Any CPU = Release|Any CPU
	EndGlobalSection
	GlobalSection(ProjectConfigurationPlatforms) = postSolution
		{D1153671-6EF9-4D66-8642-8D745D8AC7D5}.Debug|Any CPU.ActiveCfg = Debug|Any CPU
		{D1153671-6EF9-4D66-8642-8D745D8AC7D5}.Release|Any CPU.ActiveCfg = Release|Any CPU
	EndGlobalSection
	GlobalSection(SolutionProperties) = preSolution
		HideSolutionNode = FALSE
	EndGlobalSection
	GlobalSection(ExtensibilityGlobals) = postSolution
		SolutionGuid = {49B71ABC-10C5-45AE-88C6-B074FC09BCE2}
	EndGlobalSection
EndGlobal
